
Microsoft Visual Studio Solution File, Format Version 12.00
# Visual Studio Version 17
VisualStudioVersion = 17.5.002.0
MinimumVisualStudioVersion = 10.0.40219.1
Project("{2150E333-8FDC-42A3-9474-1A3956D46DE8}") = "week01", "week01", "{3D1EA332-7D11-45DC-81DE-A4D271F2FC12}"
EndProject
Project("{9A19103F-16F7-4668-BE54-9A1E7A4F7556}") = "code", "week01\code\code.csproj", "{33B17D87-2773-4AEB-9AD1-7EE004651202}"
EndProject
Project("{9A19103F-16F7-4668-BE54-9A1E7A4F7556}") = "analyze", "week01\analyze\analyze.csproj", "{D28F0270-CB8B-433C-A0F2-924F423FC8DD}"
EndProject
Project("{9A19103F-16F7-4668-BE54-9A1E7A4F7556}") = "teach", "week01\teach\teach.csproj", "{F3BD5393-40E5-4C8B-B6D2-E7BC3E0E5CD3}"
EndProject
Project("{2150E333-8FDC-42A3-9474-1A3956D46DE8}") = "week06", "week06", "{EBE7D90D-29F2-4800-9B6B-5DD973D184DA}"
EndProject
Project("{9A19103F-16F7-4668-BE54-9A1E7A4F7556}") = "code", "week06\code\code.csproj", "{E1E9625C-621D-48FD-8ADA-94301D615B21}"
EndProject
Project("{2150E333-8FDC-42A3-9474-1A3956D46DE8}") = "sandbox", "sandbox", "{EC7302AA-12AB-4D7D-B198-1F8E975E2FF9}"
EndProject
Project("{9A19103F-16F7-4668-BE54-9A1E7A4F7556}") = "sandbox_project", "sandbox\sandbox_project\sandbox_project.csproj", "{F193D05F-827B-4D95-92B4-8BD813B7CAF4}"
EndProject
Project("{2150E333-8FDC-42A3-9474-1A3956D46DE8}") = "week05", "week05", "{9FC82E1C-E443-4848-8638-E53D4A41B8BE}"
EndProject
Project("{9A19103F-16F7-4668-BE54-9A1E7A4F7556}") = "code", "week05\code\code.csproj", "{117DD9EC-AD95-4F2A-AD39-3F12796EABC0}"
EndProject
Project("{2150E333-8FDC-42A3-9474-1A3956D46DE8}") = "week02", "week02", "{7C7E9772-E3AD-4A4B-A602-3D5698976C44}"
EndProject
Project("{9A19103F-16F7-4668-BE54-9A1E7A4F7556}") = "learn", "week02\learn\learn.csproj", "{09B96E2D-A115-4119-B760-2C53B4084138}"
EndProject
Project("{9A19103F-16F7-4668-BE54-9A1E7A4F7556}") = "code", "week02\code\code.csproj", "{BDAE27C2-DFA5-469D-82B5-355489F51721}"
EndProject
Project("{9A19103F-16F7-4668-BE54-9A1E7A4F7556}") = "analyze", "week02\analyze\analyze.csproj", "{DB8DFF5B-13FB-48F8-BC4D-F37DD2AD868D}"
EndProject
Project("{9A19103F-16F7-4668-BE54-9A1E7A4F7556}") = "teach", "week02\teach\teach.csproj", "{93348846-9E2D-48B8-A227-9E388FF839C5}"
EndProject
Project("{2150E333-8FDC-42A3-9474-1A3956D46DE8}") = "week03", "week03", "{9897BA9B-3DB0-46B8-8212-7C32A71A2B23}"
EndProject
Project("{9A19103F-16F7-4668-BE54-9A1E7A4F7556}") = "learn", "week03\learn\learn.csproj", "{4F1CF4A5-5089-4F6A-A027-D3FA7F6091FC}"
EndProject
Project("{9A19103F-16F7-4668-BE54-9A1E7A4F7556}") = "code", "week03\code\code.csproj", "{EF1F4F5E-761F-4BA7-8968-9398CCFD116E}"
EndProject
Project("{9A19103F-16F7-4668-BE54-9A1E7A4F7556}") = "teach", "week03\teach\teach.csproj", "{35F37ACA-5796-470D-A5B9-38002C68F1D6}"
EndProject
Project("{2150E333-8FDC-42A3-9474-1A3956D46DE8}") = "week04", "week04", "{3E768711-EED5-471C-A52C-D399B787A8D8}"
EndProject
Project("{9A19103F-16F7-4668-BE54-9A1E7A4F7556}") = "code", "week04\code\code.csproj", "{C27393DE-0538-4B7A-813B-40D0CE6BEDF0}"
EndProject
Global
	GlobalSection(SolutionConfigurationPlatforms) = preSolution
		Debug|Any CPU = Debug|Any CPU
		Release|Any CPU = Release|Any CPU
	EndGlobalSection
	GlobalSection(ProjectConfigurationPlatforms) = postSolution
		{33B17D87-2773-4AEB-9AD1-7EE004651202}.Debug|Any CPU.ActiveCfg = Debug|Any CPU
		{33B17D87-2773-4AEB-9AD1-7EE004651202}.Debug|Any CPU.Build.0 = Debug|Any CPU
		{33B17D87-2773-4AEB-9AD1-7EE004651202}.Release|Any CPU.ActiveCfg = Release|Any CPU
		{33B17D87-2773-4AEB-9AD1-7EE004651202}.Release|Any CPU.Build.0 = Release|Any CPU
		{D28F0270-CB8B-433C-A0F2-924F423FC8DD}.Debug|Any CPU.ActiveCfg = Debug|Any CPU
		{D28F0270-CB8B-433C-A0F2-924F423FC8DD}.Debug|Any CPU.Build.0 = Debug|Any CPU
		{D28F0270-CB8B-433C-A0F2-924F423FC8DD}.Release|Any CPU.ActiveCfg = Release|Any CPU
		{D28F0270-CB8B-433C-A0F2-924F423FC8DD}.Release|Any CPU.Build.0 = Release|Any CPU
		{F3BD5393-40E5-4C8B-B6D2-E7BC3E0E5CD3}.Debug|Any CPU.ActiveCfg = Debug|Any CPU
		{F3BD5393-40E5-4C8B-B6D2-E7BC3E0E5CD3}.Debug|Any CPU.Build.0 = Debug|Any CPU
		{F3BD5393-40E5-4C8B-B6D2-E7BC3E0E5CD3}.Release|Any CPU.ActiveCfg = Release|Any CPU
		{F3BD5393-40E5-4C8B-B6D2-E7BC3E0E5CD3}.Release|Any CPU.Build.0 = Release|Any CPU
		{E1E9625C-621D-48FD-8ADA-94301D615B21}.Debug|Any CPU.ActiveCfg = Debug|Any CPU
		{E1E9625C-621D-48FD-8ADA-94301D615B21}.Debug|Any CPU.Build.0 = Debug|Any CPU
		{E1E9625C-621D-48FD-8ADA-94301D615B21}.Release|Any CPU.ActiveCfg = Release|Any CPU
		{E1E9625C-621D-48FD-8ADA-94301D615B21}.Release|Any CPU.Build.0 = Release|Any CPU
		{F193D05F-827B-4D95-92B4-8BD813B7CAF4}.Debug|Any CPU.ActiveCfg = Debug|Any CPU
		{F193D05F-827B-4D95-92B4-8BD813B7CAF4}.Debug|Any CPU.Build.0 = Debug|Any CPU
		{F193D05F-827B-4D95-92B4-8BD813B7CAF4}.Release|Any CPU.ActiveCfg = Release|Any CPU
		{F193D05F-827B-4D95-92B4-8BD813B7CAF4}.Release|Any CPU.Build.0 = Release|Any CPU
		{117DD9EC-AD95-4F2A-AD39-3F12796EABC0}.Debug|Any CPU.ActiveCfg = Debug|Any CPU
		{117DD9EC-AD95-4F2A-AD39-3F12796EABC0}.Debug|Any CPU.Build.0 = Debug|Any CPU
		{117DD9EC-AD95-4F2A-AD39-3F12796EABC0}.Release|Any CPU.ActiveCfg = Release|Any CPU
		{117DD9EC-AD95-4F2A-AD39-3F12796EABC0}.Release|Any CPU.Build.0 = Release|Any CPU
		{09B96E2D-A115-4119-B760-2C53B4084138}.Debug|Any CPU.ActiveCfg = Debug|Any CPU
		{09B96E2D-A115-4119-B760-2C53B4084138}.Debug|Any CPU.Build.0 = Debug|Any CPU
		{09B96E2D-A115-4119-B760-2C53B4084138}.Release|Any CPU.ActiveCfg = Release|Any CPU
		{09B96E2D-A115-4119-B760-2C53B4084138}.Release|Any CPU.Build.0 = Release|Any CPU
		{BDAE27C2-DFA5-469D-82B5-355489F51721}.Debug|Any CPU.ActiveCfg = Debug|Any CPU
		{BDAE27C2-DFA5-469D-82B5-355489F51721}.Debug|Any CPU.Build.0 = Debug|Any CPU
		{BDAE27C2-DFA5-469D-82B5-355489F51721}.Release|Any CPU.ActiveCfg = Release|Any CPU
		{BDAE27C2-DFA5-469D-82B5-355489F51721}.Release|Any CPU.Build.0 = Release|Any CPU
		{DB8DFF5B-13FB-48F8-BC4D-F37DD2AD868D}.Debug|Any CPU.ActiveCfg = Debug|Any CPU
		{DB8DFF5B-13FB-48F8-BC4D-F37DD2AD868D}.Debug|Any CPU.Build.0 = Debug|Any CPU
		{DB8DFF5B-13FB-48F8-BC4D-F37DD2AD868D}.Release|Any CPU.ActiveCfg = Release|Any CPU
		{DB8DFF5B-13FB-48F8-BC4D-F37DD2AD868D}.Release|Any CPU.Build.0 = Release|Any CPU
		{93348846-9E2D-48B8-A227-9E388FF839C5}.Debug|Any CPU.ActiveCfg = Debug|Any CPU
		{93348846-9E2D-48B8-A227-9E388FF839C5}.Debug|Any CPU.Build.0 = Debug|Any CPU
		{93348846-9E2D-48B8-A227-9E388FF839C5}.Release|Any CPU.ActiveCfg = Release|Any CPU
		{93348846-9E2D-48B8-A227-9E388FF839C5}.Release|Any CPU.Build.0 = Release|Any CPU
		{4F1CF4A5-5089-4F6A-A027-D3FA7F6091FC}.Debug|Any CPU.ActiveCfg = Debug|Any CPU
		{4F1CF4A5-5089-4F6A-A027-D3FA7F6091FC}.Debug|Any CPU.Build.0 = Debug|Any CPU
		{4F1CF4A5-5089-4F6A-A027-D3FA7F6091FC}.Release|Any CPU.ActiveCfg = Release|Any CPU
		{4F1CF4A5-5089-4F6A-A027-D3FA7F6091FC}.Release|Any CPU.Build.0 = Release|Any CPU
		{EF1F4F5E-761F-4BA7-8968-9398CCFD116E}.Debug|Any CPU.ActiveCfg = Debug|Any CPU
		{EF1F4F5E-761F-4BA7-8968-9398CCFD116E}.Debug|Any CPU.Build.0 = Debug|Any CPU
		{EF1F4F5E-761F-4BA7-8968-9398CCFD116E}.Release|Any CPU.ActiveCfg = Release|Any CPU
		{EF1F4F5E-761F-4BA7-8968-9398CCFD116E}.Release|Any CPU.Build.0 = Release|Any CPU
		{35F37ACA-5796-470D-A5B9-38002C68F1D6}.Debug|Any CPU.ActiveCfg = Debug|Any CPU
		{35F37ACA-5796-470D-A5B9-38002C68F1D6}.Debug|Any CPU.Build.0 = Debug|Any CPU
		{35F37ACA-5796-470D-A5B9-38002C68F1D6}.Release|Any CPU.ActiveCfg = Release|Any CPU
		{35F37ACA-5796-470D-A5B9-38002C68F1D6}.Release|Any CPU.Build.0 = Release|Any CPU
		{C27393DE-0538-4B7A-813B-40D0CE6BEDF0}.Debug|Any CPU.ActiveCfg = Debug|Any CPU
		{C27393DE-0538-4B7A-813B-40D0CE6BEDF0}.Debug|Any CPU.Build.0 = Debug|Any CPU
		{C27393DE-0538-4B7A-813B-40D0CE6BEDF0}.Release|Any CPU.ActiveCfg = Release|Any CPU
		{C27393DE-0538-4B7A-813B-40D0CE6BEDF0}.Release|Any CPU.Build.0 = Release|Any CPU
	EndGlobalSection
	GlobalSection(SolutionProperties) = preSolution
		HideSolutionNode = FALSE
	EndGlobalSection
	GlobalSection(NestedProjects) = preSolution
		{33B17D87-2773-4AEB-9AD1-7EE004651202} = {3D1EA332-7D11-45DC-81DE-A4D271F2FC12}
		{D28F0270-CB8B-433C-A0F2-924F423FC8DD} = {3D1EA332-7D11-45DC-81DE-A4D271F2FC12}
		{F3BD5393-40E5-4C8B-B6D2-E7BC3E0E5CD3} = {3D1EA332-7D11-45DC-81DE-A4D271F2FC12}
		{E1E9625C-621D-48FD-8ADA-94301D615B21} = {EBE7D90D-29F2-4800-9B6B-5DD973D184DA}
		{F193D05F-827B-4D95-92B4-8BD813B7CAF4} = {EC7302AA-12AB-4D7D-B198-1F8E975E2FF9}
		{117DD9EC-AD95-4F2A-AD39-3F12796EABC0} = {9FC82E1C-E443-4848-8638-E53D4A41B8BE}
		{09B96E2D-A115-4119-B760-2C53B4084138} = {7C7E9772-E3AD-4A4B-A602-3D5698976C44}
		{BDAE27C2-DFA5-469D-82B5-355489F51721} = {7C7E9772-E3AD-4A4B-A602-3D5698976C44}
		{DB8DFF5B-13FB-48F8-BC4D-F37DD2AD868D} = {7C7E9772-E3AD-4A4B-A602-3D5698976C44}
		{93348846-9E2D-48B8-A227-9E388FF839C5} = {7C7E9772-E3AD-4A4B-A602-3D5698976C44}
		{4F1CF4A5-5089-4F6A-A027-D3FA7F6091FC} = {9897BA9B-3DB0-46B8-8212-7C32A71A2B23}
		{EF1F4F5E-761F-4BA7-8968-9398CCFD116E} = {9897BA9B-3DB0-46B8-8212-7C32A71A2B23}
		{35F37ACA-5796-470D-A5B9-38002C68F1D6} = {9897BA9B-3DB0-46B8-8212-7C32A71A2B23}
		{C27393DE-0538-4B7A-813B-40D0CE6BEDF0} = {3E768711-EED5-471C-A52C-D399B787A8D8}
	EndGlobalSection
	GlobalSection(ExtensibilityGlobals) = postSolution
		SolutionGuid = {73F5FEC0-3826-470D-89BE-BA900367ED1E}
	EndGlobalSection
EndGlobal
